// !$*UTF8*$!
{
	archiveVersion = 1;
	classes = {
	};
	objectVersion = 39;
	objects = {
		014CEA440018CDF011CA2923 = {
			buildSettings = {
				CURRENT_PROJECT_VERSION = 1.0;
				DYLIB_COMPATIBILITY_VERSION = 1.0;
				DYLIB_CURRENT_VERSION = 1.0;
				FRAMEWORK_VERSION = 1.0;
				GCC_MODEL_CPU = G3;
				GCC_MODEL_TUNING = G3;
				GCC_WARN_CHECK_SWITCH_STATEMENTS = YES;
				GCC_WARN_HIDDEN_VIRTUAL_FUNCTIONS = YES;
				GCC_WARN_INITIALIZER_NOT_FULLY_BRACKETED = YES;
				GCC_WARN_MISSING_PARENTHESES = NO;
				GCC_WARN_NON_VIRTUAL_DESTRUCTOR = YES;
				GCC_WARN_PEDANTIC = YES;
				GCC_WARN_SIGN_COMPARE = YES;
				GCC_WARN_TYPECHECK_CALLS_TO_PRINTF = YES;
				GCC_WARN_UNINITIALIZED_AUTOS = YES;
				GCC_WARN_UNUSED_FUNCTION = YES;
				GCC_WARN_UNUSED_LABEL = YES;
				GCC_WARN_UNUSED_PARAMETER = YES;
				GCC_WARN_UNUSED_VALUE = YES;
				GCC_WARN_UNUSED_VARIABLE = YES;
				LIBRARY_STYLE = STATIC;
				VERSIONING_SYSTEM = "apple-generic";
			};
			isa = PBXBuildStyle;
			name = Development;
		};
//010
//011
//012
//013
//014
//030
//031
//032
//033
//034
		034768DFFF38A50411DB9C8B = {
			children = (
				034768E0FF38A50411DB9C8B,
			);
			isa = PBXGroup;
			name = Products;
			path = "";
			refType = 4;
			sourceTree = "<group>";
		};
		034768E0FF38A50411DB9C8B = {
			explicitFileType = wrapper.framework;
			isa = PBXFileReference;
			path = Keychain.framework;
			refType = 3;
			sourceTree = BUILT_PRODUCTS_DIR;
		};
//030
//031
//032
//033
//034
//080
//081
//082
//083
//084
		0867D690FE84028FC02AAC07 = {
			buildSettings = {
			};
			buildStyles = (
				014CEA440018CDF011CA2923,
				75606AE20746347A00A358D4,
			);
			hasScannedForEncodings = 1;
			isa = PBXProject;
			mainGroup = 0867D691FE84028FC02AAC07;
			productRefGroup = 034768DFFF38A50411DB9C8B;
			projectDirPath = "";
			targets = (
				0867D69CFE84028FC02AAC07,
			);
		};
		0867D691FE84028FC02AAC07 = {
			children = (
				75B2AD5E0744CF400079716A,
				034768DFFF38A50411DB9C8B,
			);
			isa = PBXGroup;
			name = Keychain;
			refType = 4;
			sourceTree = "<group>";
		};
		0867D69AFE84028FC02AAC07 = {
			children = (
				75BAD75E0480E99400DA8EF2,
				F58080CA03EB75D701B6B625,
				0867D69BFE84028FC02AAC07,
				F566C81003E0D92B015C51F3,
			);
			isa = PBXGroup;
			name = "External Frameworks and Libraries";
			path = "";
			refType = 4;
			sourceTree = "<group>";
		};
		0867D69BFE84028FC02AAC07 = {
			isa = PBXFileReference;
			lastKnownFileType = wrapper.framework;
			name = Foundation.framework;
			path = /System/Library/Frameworks/Foundation.framework;
			refType = 0;
			sourceTree = "<absolute>";
		};
		0867D69CFE84028FC02AAC07 = {
			buildPhases = (
				0867D69DFE84028FC02AAC07,
				0867D69EFE84028FC02AAC07,
				0867D69FFE84028FC02AAC07,
				0867D6A0FE84028FC02AAC07,
				0867D6A2FE84028FC02AAC07,
			);
			buildSettings = {
				DEBUGGING_SYMBOLS = NO;
				DYLIB_COMPATIBILITY_VERSION = 1;
				DYLIB_CURRENT_VERSION = 1;
				FRAMEWORK_SEARCH_PATHS = "";
				FRAMEWORK_VERSION = A;
				HEADER_SEARCH_PATHS = "";
				INSTALL_PATH = "@executable_path/../Frameworks";
				LIBRARY_SEARCH_PATHS = /usr/lib/gcc/darwin/3.3;
				OTHER_LDFLAGS = "-seg1addr 0x26900000 -lz";
				PRODUCT_NAME = Keychain;
				SECTORDER_FLAGS = "";
				USE_GCC3_PFE_SUPPORT = NO;
				WARNING_CFLAGS = "-Wmost -Wno-four-char-constants -Wno-unknown-pragmas";
				WRAPPER_EXTENSION = framework;
			};
			dependencies = (
			);
			isa = PBXFrameworkTarget;
			name = Keychain;
			productInstallPath = "@executable_path/../Frameworks";
			productName = Keychain;
			productReference = 034768E0FF38A50411DB9C8B;
			productSettingsXML = "<?xml version=\"1.0\" encoding=\"UTF-8\"?>
<!DOCTYPE plist PUBLIC \"-//Apple Computer//DTD PLIST 1.0//EN\" \"http://www.apple.com/DTDs/PropertyList-1.0.dtd\">
<plist version=\"1.0\">
<dict>
	<key>CFBundleDevelopmentRegion</key>
	<string>English</string>
	<key>CFBundleExecutable</key>
	<string>Keychain</string>
	<key>CFBundleGetInfoString</key>
	<string>v0.0.1d1</string>
	<key>CFBundleIconFile</key>
	<string></string>
	<key>CFBundleIdentifier</key>
	<string>Keychain.framework</string>
	<key>CFBundleInfoDictionaryVersion</key>
	<string>6.0</string>
	<key>CFBundleName</key>
	<string>Keychain Framework</string>
	<key>CFBundlePackageType</key>
	<string>FMWK</string>
	<key>CFBundleShortVersionString</key>
	<string>v0.0.1d1</string>
	<key>CFBundleSignature</key>
	<string>Keyc</string>
	<key>CFBundleVersion</key>
	<string>0.0.1d1</string>
	<key>NSPrincipalClass</key>
	<string></string>
</dict>
</plist>
";
		};
		0867D69DFE84028FC02AAC07 = {
			buildActionMask = 2147483647;
			files = (
				F566C84B03E0D9AA015C51F3,
				F524D43303E0ECFB0168D458,
				F524D43703E0ED0C0168D458,
				F524D43B03E0ED1A0168D458,
				F524D43F03E0ED280168D458,
				F524D44303E0ED390168D458,
				F524D44703E0ED530168D458,
				F524D44F03E0ED7E0168D458,
				F524D45303E0ED8C0168D458,
				F524D48703E0F9040168D458,
				F5C8FC3603EFF86F01A8007C,
				F58AA09003F0808801A8007C,
				F57CC07303FF7E7001A79F78,
				75A0B53804207C2700AC536A,
				75F33BAD04220CC500AC536A,
				7537457704443E5700AC536A,
				75ACEDAA0468A58D000052DF,
				75ACEDB70468AA01000052DF,
				75B5A53B0471E53700F43DE7,
				75EF8F48047BB28700FED506,
				7599D90E0482257000AC536A,
				7500C3EF0482F97300AC536A,
				7585E38004860F1200AC536A,
				755B2FF90564B5F900AC536A,
				758DB80705C3A23400D7757A,
				7548ACBC069D58150072DA47,
				755B14B906A28A7A0015D6C8,
				75B2AC13074472AC0079716A,
				7535FDED07A6F1B300F8DAFF,
				7535FE3407A7095200F8DAFF,
			);
			isa = PBXHeadersBuildPhase;
			runOnlyForDeploymentPostprocessing = 0;
		};
		0867D69EFE84028FC02AAC07 = {
			buildActionMask = 2147483647;
			files = (
				089C1668FE841158C02AAC07,
				752BB77E043ACC3C00EDE39C,
				752BB784043ADB1000EDE39C,
				752BB78A043ADC4900EDE39C,
				751AC3AF043AE4350081E49D,
				75E577E4043AE5D500A3C85B,
				75E38028082C6AAD00089FF8,
				75E38056082C6C4000089FF8,
				75E38092082C78C600089FF8,
				75E380BD082C7BFC00089FF8,
				75E380C6082C812200089FF8,
				75E380CB082C839800089FF8,
				75E380D0082C841300089FF8,
				75E38112082C865800089FF8,
			);
			isa = PBXResourcesBuildPhase;
			runOnlyForDeploymentPostprocessing = 0;
		};
		0867D69FFE84028FC02AAC07 = {
			buildActionMask = 2147483647;
			files = (
				F566C84C03E0D9AA015C51F3,
				F524D43403E0ECFB0168D458,
				F524D43803E0ED0C0168D458,
				F524D43C03E0ED1A0168D458,
				F524D44003E0ED280168D458,
				F524D44403E0ED390168D458,
				F524D44803E0ED530168D458,
				F524D45003E0ED7E0168D458,
				F524D45403E0ED8C0168D458,
				F5C8FC3703EFF86F01A8007C,
				F58AA09103F0808801A8007C,
				F57CC07403FF7E7001A79F78,
				75A0B53904207C2700AC536A,
				75F33BAE04220CC500AC536A,
				7537457604443E5700AC536A,
				75ACEDAB0468A58D000052DF,
				75ACEDB80468AA01000052DF,
				75B5A53C0471E53700F43DE7,
				75EF8F49047BB28700FED506,
				7599D90F0482257000AC536A,
				7500C3F00482F97300AC536A,
				7585E38104860F1200AC536A,
				753DDCFE04C2ED6000A8007B,
				755B2FFA0564B5F900AC536A,
				758DB80805C3A23400D7757A,
				7548ACBD069D58150072DA47,
				755B14BA06A28A7A0015D6C8,
				75B2AC14074472AC0079716A,
				7535FDEE07A6F1B300F8DAFF,
			);
			isa = PBXSourcesBuildPhase;
			runOnlyForDeploymentPostprocessing = 0;
		};
		0867D6A0FE84028FC02AAC07 = {
			buildActionMask = 2147483647;
			files = (
				F566C80F03E0D91B015C51F3,
				F566C84003E0D92B015C51F3,
				F58083B403EB75D801B6B625,
				75BAD75F0480E99400DA8EF2,
			);
			isa = PBXFrameworksBuildPhase;
			runOnlyForDeploymentPostprocessing = 0;
		};
		0867D6A2FE84028FC02AAC07 = {
			buildActionMask = 2147483647;
			files = (
			);
			isa = PBXRezBuildPhase;
			runOnlyForDeploymentPostprocessing = 0;
		};
		089C1665FE841158C02AAC07 = {
			children = (
				75F4890D043AF9E80043140F,
			);
			isa = PBXGroup;
			name = Resources;
			path = "";
			refType = 4;
			sourceTree = "<group>";
		};
		089C1666FE841158C02AAC07 = {
			children = (
				089C1667FE841158C02AAC07,
			);
			isa = PBXVariantGroup;
			name = InfoPlist.strings;
			path = "";
			refType = 4;
			sourceTree = "<group>";
		};
		089C1667FE841158C02AAC07 = {
			fileEncoding = 10;
			isa = PBXFileReference;
			lastKnownFileType = text.plist.strings;
			name = English;
			path = English.lproj/InfoPlist.strings;
			refType = 4;
			sourceTree = "<group>";
		};
		089C1668FE841158C02AAC07 = {
			fileRef = 089C1666FE841158C02AAC07;
			isa = PBXBuildFile;
			settings = {
			};
		};
		08FB77AEFE84172EC02AAC07 = {
			children = (
				F524D43503E0ED0C0168D458,
				F524D43603E0ED0C0168D458,
				F524D43103E0ECFB0168D458,
				F524D43203E0ECFB0168D458,
				F524D43903E0ED1A0168D458,
				F524D43A03E0ED1A0168D458,
				755B14B706A28A7A0015D6C8,
				755B14B806A28A7A0015D6C8,
				F580806A03EB4E8801B6B625,
				F580806B03EB4E8801B6B625,
				F524D43D03E0ED280168D458,
				F524D43E03E0ED280168D458,
				F524D44103E0ED390168D458,
				F524D44203E0ED390168D458,
				F566C84903E0D9AA015C51F3,
				F566C84A03E0D9AA015C51F3,
				F524D44503E0ED530168D458,
				F524D44603E0ED530168D458,
				F524D44903E0ED620168D458,
				F524D44A03E0ED620168D458,
				75F33BA4042209D600AC536A,
				75F33BA5042209D600AC536A,
				F57CC07103FF7E7001A79F78,
				F57CC07203FF7E7001A79F78,
				F524D44D03E0ED7E0168D458,
				F524D44E03E0ED7E0168D458,
				F58AA08E03F0808801A8007C,
				F58AA08F03F0808801A8007C,
				F524D45103E0ED8C0168D458,
				F524D45203E0ED8C0168D458,
				75EF8F46047BB28700FED506,
				75EF8F47047BB28700FED506,
			);
			isa = PBXGroup;
			name = "Keychain Classes";
			path = "";
			refType = 4;
			sourceTree = "<group>";
		};
//080
//081
//082
//083
//084
//750
//751
//752
//753
//754
		7500C3ED0482F97300AC536A = {
			fileEncoding = 4;
			isa = PBXFileReference;
			lastKnownFileType = sourcecode.c.h;
			path = CertificateGeneration.h;
			refType = 4;
			sourceTree = "<group>";
		};
		7500C3EE0482F97300AC536A = {
			fileEncoding = 4;
			isa = PBXFileReference;
			lastKnownFileType = sourcecode.c.objc;
			path = CertificateGeneration.m;
			refType = 4;
			sourceTree = "<group>";
		};
		7500C3EF0482F97300AC536A = {
			fileRef = 7500C3ED0482F97300AC536A;
			isa = PBXBuildFile;
			settings = {
				ATTRIBUTES = (
					Public,
				);
			};
		};
		7500C3F00482F97300AC536A = {
			fileRef = 7500C3EE0482F97300AC536A;
			isa = PBXBuildFile;
			settings = {
			};
		};
		751AC3AB043AE4240081E49D = {
			fileEncoding = 4;
			isa = PBXFileReference;
			lastKnownFileType = text.plist.strings;
			name = English;
			path = "English.lproj/Misc Names.strings";
			refType = 4;
			sourceTree = "<group>";
		};
		751AC3AE043AE4350081E49D = {
			children = (
				751AC3AB043AE4240081E49D,
			);
			isa = PBXVariantGroup;
			name = "Misc Names.strings";
			path = "";
			refType = 4;
			sourceTree = "<group>";
		};
		751AC3AF043AE4350081E49D = {
			fileRef = 751AC3AE043AE4350081E49D;
			isa = PBXBuildFile;
			settings = {
			};
		};
		752BB77A043ACC2B00EDE39C = {
			fileEncoding = 4;
			isa = PBXFileReference;
			lastKnownFileType = text.plist.strings;
			name = "CSSM Errors.strings";
			path = "English.lproj/CSSM Errors.strings";
			refType = 4;
			sourceTree = "<group>";
		};
		752BB77D043ACC3C00EDE39C = {
			children = (
				752BB77A043ACC2B00EDE39C,
			);
			isa = PBXVariantGroup;
			name = "CSSM Errors.strings";
			path = "";
			refType = 4;
			sourceTree = "<group>";
		};
		752BB77E043ACC3C00EDE39C = {
			fileRef = 752BB77D043ACC3C00EDE39C;
			isa = PBXBuildFile;
			settings = {
			};
		};
		752BB780043ADB0B00EDE39C = {
			fileEncoding = 4;
			isa = PBXFileReference;
			lastKnownFileType = text.plist.strings;
			name = English;
			path = "English.lproj/OID Names.strings";
			refType = 4;
			sourceTree = "<group>";
		};
		752BB783043ADB1000EDE39C = {
			children = (
				752BB780043ADB0B00EDE39C,
			);
			isa = PBXVariantGroup;
			name = "OID Names.strings";
			path = "";
			refType = 4;
			sourceTree = "<group>";
		};
		752BB784043ADB1000EDE39C = {
			fileRef = 752BB783043ADB1000EDE39C;
			isa = PBXBuildFile;
			settings = {
			};
		};
		752BB786043ADC4100EDE39C = {
			fileEncoding = 4;
			isa = PBXFileReference;
			lastKnownFileType = text.plist.strings;
			name = English;
			path = "English.lproj/BER Names.strings";
			refType = 4;
			sourceTree = "<group>";
		};
		752BB789043ADC4900EDE39C = {
			children = (
				752BB786043ADC4100EDE39C,
			);
			isa = PBXVariantGroup;
			name = "BER Names.strings";
			path = "";
			refType = 4;
			sourceTree = "<group>";
		};
		752BB78A043ADC4900EDE39C = {
			fileRef = 752BB789043ADC4900EDE39C;
			isa = PBXBuildFile;
			settings = {
			};
		};
		7535FDEB07A6F1B200F8DAFF = {
			fileEncoding = 4;
			isa = PBXFileReference;
			lastKnownFileType = sourcecode.c.h;
			path = SKeyPlus.h;
			refType = 4;
			sourceTree = "<group>";
		};
		7535FDEC07A6F1B300F8DAFF = {
			fileEncoding = 4;
			isa = PBXFileReference;
			lastKnownFileType = sourcecode.c.objc;
			path = SKeyPlus.m;
			refType = 4;
			sourceTree = "<group>";
		};
		7535FDED07A6F1B300F8DAFF = {
			fileRef = 7535FDEB07A6F1B200F8DAFF;
			isa = PBXBuildFile;
			settings = {
			};
		};
		7535FDEE07A6F1B300F8DAFF = {
			fileRef = 7535FDEC07A6F1B300F8DAFF;
			isa = PBXBuildFile;
			settings = {
			};
		};
		7535FE3307A7095200F8DAFF = {
			fileEncoding = 4;
			isa = PBXFileReference;
			lastKnownFileType = sourcecode.c.h;
			path = Logging.h;
			refType = 4;
			sourceTree = "<group>";
		};
		7535FE3407A7095200F8DAFF = {
			fileRef = 7535FE3307A7095200F8DAFF;
			isa = PBXBuildFile;
			settings = {
			};
		};
		7537457604443E5700AC536A = {
			fileRef = 75F33BA5042209D600AC536A;
			isa = PBXBuildFile;
			settings = {
			};
		};
		7537457704443E5700AC536A = {
			fileRef = 75F33BA4042209D600AC536A;
			isa = PBXBuildFile;
			settings = {
				ATTRIBUTES = (
					Public,
				);
			};
		};
		753DDCFD04C2ED6000A8007B = {
			fileEncoding = 4;
			isa = PBXFileReference;
			lastKnownFileType = sourcecode.c.objc;
			path = UtilitySupport.m;
			refType = 4;
			sourceTree = "<group>";
		};
		753DDCFE04C2ED6000A8007B = {
			fileRef = 753DDCFD04C2ED6000A8007B;
			isa = PBXBuildFile;
			settings = {
			};
		};
		7548ACBA069D58150072DA47 = {
			fileEncoding = 4;
			isa = PBXFileReference;
			lastKnownFileType = sourcecode.c.h;
			path = CSSMInfo.h;
			refType = 4;
			sourceTree = "<group>";
		};
		7548ACBB069D58150072DA47 = {
			fileEncoding = 4;
			isa = PBXFileReference;
			lastKnownFileType = sourcecode.c.objc;
			path = CSSMInfo.m;
			refType = 4;
			sourceTree = "<group>";
		};
		7548ACBC069D58150072DA47 = {
			fileRef = 7548ACBA069D58150072DA47;
			isa = PBXBuildFile;
			settings = {
				ATTRIBUTES = (
					Public,
				);
			};
		};
		7548ACBD069D58150072DA47 = {
			fileRef = 7548ACBB069D58150072DA47;
			isa = PBXBuildFile;
			settings = {
			};
		};
		755B14B706A28A7A0015D6C8 = {
			fileEncoding = 4;
			isa = PBXFileReference;
			lastKnownFileType = sourcecode.c.h;
			path = CertificateExtensions.h;
			refType = 4;
			sourceTree = "<group>";
		};
		755B14B806A28A7A0015D6C8 = {
			fileEncoding = 4;
			isa = PBXFileReference;
			lastKnownFileType = sourcecode.c.objc;
			path = CertificateExtensions.m;
			refType = 4;
			sourceTree = "<group>";
		};
		755B14B906A28A7A0015D6C8 = {
			fileRef = 755B14B706A28A7A0015D6C8;
			isa = PBXBuildFile;
			settings = {
			};
		};
		755B14BA06A28A7A0015D6C8 = {
			fileRef = 755B14B806A28A7A0015D6C8;
			isa = PBXBuildFile;
			settings = {
			};
		};
		755B2FF70564B5F900AC536A = {
			fileEncoding = 4;
			isa = PBXFileReference;
			lastKnownFileType = sourcecode.c.h;
			path = ABPersonAdditions.h;
			refType = 4;
			sourceTree = "<group>";
		};
		755B2FF80564B5F900AC536A = {
			fileEncoding = 4;
			isa = PBXFileReference;
			lastKnownFileType = sourcecode.c.objc;
			path = ABPersonAdditions.m;
			refType = 4;
			sourceTree = "<group>";
		};
		755B2FF90564B5F900AC536A = {
			fileRef = 755B2FF70564B5F900AC536A;
			isa = PBXBuildFile;
			settings = {
				ATTRIBUTES = (
					Public,
				);
			};
		};
		755B2FFA0564B5F900AC536A = {
			fileRef = 755B2FF80564B5F900AC536A;
			isa = PBXBuildFile;
			settings = {
			};
		};
		75606AE20746347A00A358D4 = {
			buildSettings = {
				CURRENT_PROJECT_VERSION = "";
				DEPLOYMENT_POSTPROCESSING = NO;
				DYLIB_COMPATIBILITY_VERSION = "";
				DYLIB_CURRENT_VERSION = "";
				FRAMEWORK_VERSION = A;
				GCC_GENERATE_DEBUGGING_SYMBOLS = NO;
				GCC_MODEL_CPU = G3;
				GCC_MODEL_TUNING = G3;
				LIBRARY_STYLE = DYNAMIC;
				VERSIONING_SYSTEM = "";
			};
			isa = PBXBuildStyle;
			name = Deployment;
		};
		7585E37E04860F1200AC536A = {
			fileEncoding = 4;
			isa = PBXFileReference;
			lastKnownFileType = sourcecode.c.h;
			path = CSSMErrors.h;
			refType = 4;
			sourceTree = "<group>";
		};
		7585E37F04860F1200AC536A = {
			fileEncoding = 4;
			isa = PBXFileReference;
			lastKnownFileType = sourcecode.c.objc;
			path = CSSMErrors.m;
			refType = 4;
			sourceTree = "<group>";
		};
		7585E38004860F1200AC536A = {
			fileRef = 7585E37E04860F1200AC536A;
			isa = PBXBuildFile;
			settings = {
				ATTRIBUTES = (
					Public,
				);
			};
		};
		7585E38104860F1200AC536A = {
			fileRef = 7585E37F04860F1200AC536A;
			isa = PBXBuildFile;
			settings = {
			};
		};
		758DB80505C3A23400D7757A = {
			fileEncoding = 4;
			isa = PBXFileReference;
			lastKnownFileType = sourcecode.c.h;
			path = FileUtilities.h;
			refType = 4;
			sourceTree = "<group>";
		};
		758DB80605C3A23400D7757A = {
			fileEncoding = 4;
			isa = PBXFileReference;
			lastKnownFileType = sourcecode.c.objc;
			path = FileUtilities.m;
			refType = 4;
			sourceTree = "<group>";
		};
		758DB80705C3A23400D7757A = {
			fileRef = 758DB80505C3A23400D7757A;
			isa = PBXBuildFile;
			settings = {
				ATTRIBUTES = (
					Public,
				);
			};
		};
		758DB80805C3A23400D7757A = {
			fileRef = 758DB80605C3A23400D7757A;
			isa = PBXBuildFile;
			settings = {
			};
		};
		75987733046B44EB00EF316C = {
			children = (
				7500C3ED0482F97300AC536A,
				7500C3EE0482F97300AC536A,
				75F33BAB04220CC500AC536A,
				75F33BAC04220CC500AC536A,
				75ACEDB50468AA01000052DF,
				75ACEDB60468AA01000052DF,
				7585E37E04860F1200AC536A,
				7585E37F04860F1200AC536A,
				7548ACBA069D58150072DA47,
				7548ACBB069D58150072DA47,
				75A0B53604207C2700AC536A,
				75A0B53704207C2700AC536A,
				758DB80505C3A23400D7757A,
				758DB80605C3A23400D7757A,
				75B5A5390471E53700F43DE7,
				75B5A53A0471E53700F43DE7,
				7535FE3307A7095200F8DAFF,
				7599D90C0482257000AC536A,
				7599D90D0482257000AC536A,
				F524D48603E0F9040168D458,
				753DDCFD04C2ED6000A8007B,
			);
			isa = PBXGroup;
			name = Base;
			path = "";
			refType = 4;
			sourceTree = "<group>";
		};
		7599D90C0482257000AC536A = {
			fileEncoding = 4;
			isa = PBXFileReference;
			lastKnownFileType = sourcecode.c.h;
			path = MultiThreading.h;
			refType = 4;
			sourceTree = "<group>";
		};
		7599D90D0482257000AC536A = {
			fileEncoding = 4;
			isa = PBXFileReference;
			lastKnownFileType = sourcecode.c.objc;
			path = MultiThreading.m;
			refType = 4;
			sourceTree = "<group>";
		};
		7599D90E0482257000AC536A = {
			fileRef = 7599D90C0482257000AC536A;
			isa = PBXBuildFile;
			settings = {
				ATTRIBUTES = (
					Public,
				);
			};
		};
		7599D90F0482257000AC536A = {
			fileRef = 7599D90D0482257000AC536A;
			isa = PBXBuildFile;
			settings = {
			};
		};
		75A0B53604207C2700AC536A = {
			fileEncoding = 4;
			isa = PBXFileReference;
			lastKnownFileType = sourcecode.c.h;
			path = CSSMUtils.h;
			refType = 4;
			sourceTree = "<group>";
		};
		75A0B53704207C2700AC536A = {
			fileEncoding = 4;
			isa = PBXFileReference;
			lastKnownFileType = sourcecode.c.objc;
			path = CSSMUtils.m;
			refType = 4;
			sourceTree = "<group>";
		};
		75A0B53804207C2700AC536A = {
			fileRef = 75A0B53604207C2700AC536A;
			isa = PBXBuildFile;
			settings = {
				ATTRIBUTES = (
					Public,
				);
			};
		};
		75A0B53904207C2700AC536A = {
			fileRef = 75A0B53704207C2700AC536A;
			isa = PBXBuildFile;
			settings = {
			};
		};
		75A88F6406996E4C006182BB = {
			fileEncoding = 30;
			isa = PBXFileReference;
			lastKnownFileType = sourcecode.cpp.objcpp;
			path = NSDataAdditionsCanonicalOld.mm;
			refType = 4;
			sourceTree = "<group>";
		};
		75ACEDA80468A58D000052DF = {
			fileEncoding = 4;
			isa = PBXFileReference;
			lastKnownFileType = sourcecode.c.h;
			path = NSDataAdditions.h;
			refType = 4;
			sourceTree = "<group>";
		};
		75ACEDA90468A58D000052DF = {
			fileEncoding = 4;
			isa = PBXFileReference;
			lastKnownFileType = sourcecode.c.objc;
			path = NSDataAdditions.m;
			refType = 4;
			sourceTree = "<group>";
		};
		75ACEDAA0468A58D000052DF = {
			fileRef = 75ACEDA80468A58D000052DF;
			isa = PBXBuildFile;
			settings = {
				ATTRIBUTES = (
					Public,
				);
			};
		};
		75ACEDAB0468A58D000052DF = {
			fileRef = 75ACEDA90468A58D000052DF;
			isa = PBXBuildFile;
			settings = {
			};
		};
		75ACEDAE0468A66C000052DF = {
			children = (
				755B2FF70564B5F900AC536A,
				755B2FF80564B5F900AC536A,
				75ACEDA80468A58D000052DF,
				75ACEDA90468A58D000052DF,
				75A88F6406996E4C006182BB,
			);
			isa = PBXGroup;
			name = Categories;
			path = "";
			refType = 4;
			sourceTree = "<group>";
		};
		75ACEDB50468AA01000052DF = {
			fileEncoding = 4;
			isa = PBXFileReference;
			lastKnownFileType = sourcecode.c.h;
			path = CSSMDefaults.h;
			refType = 4;
			sourceTree = "<group>";
		};
		75ACEDB60468AA01000052DF = {
			fileEncoding = 4;
			isa = PBXFileReference;
			lastKnownFileType = sourcecode.c.objc;
			path = CSSMDefaults.m;
			refType = 4;
			sourceTree = "<group>";
		};
		75ACEDB70468AA01000052DF = {
			fileRef = 75ACEDB50468AA01000052DF;
			isa = PBXBuildFile;
			settings = {
				ATTRIBUTES = (
					Public,
				);
			};
		};
		75ACEDB80468AA01000052DF = {
			fileRef = 75ACEDB60468AA01000052DF;
			isa = PBXBuildFile;
			settings = {
			};
		};
		75B2AC11074472AC0079716A = {
			fileEncoding = 4;
			isa = PBXFileReference;
			lastKnownFileType = sourcecode.c.h;
			path = Hashcash.h;
			refType = 4;
			sourceTree = "<group>";
		};
		75B2AC12074472AC0079716A = {
			fileEncoding = 4;
			isa = PBXFileReference;
			lastKnownFileType = sourcecode.c.objc;
			path = Hashcash.m;
			refType = 4;
			sourceTree = "<group>";
		};
		75B2AC13074472AC0079716A = {
			fileRef = 75B2AC11074472AC0079716A;
			isa = PBXBuildFile;
			settings = {
				ATTRIBUTES = (
					Public,
				);
			};
		};
		75B2AC14074472AC0079716A = {
			fileRef = 75B2AC12074472AC0079716A;
			isa = PBXBuildFile;
			settings = {
			};
		};
		75B2AD190744CE590079716A = {
			children = (
				75B2AC11074472AC0079716A,
				75B2AC12074472AC0079716A,
				7535FDEB07A6F1B200F8DAFF,
				7535FDEC07A6F1B300F8DAFF,
			);
			isa = PBXGroup;
			name = Bonus;
			path = "";
			refType = 4;
			sourceTree = "<group>";
		};
		75B2AD5E0744CF400079716A = {
			children = (
				75987733046B44EB00EF316C,
				75B2AD190744CE590079716A,
				75ACEDAE0468A66C000052DF,
				0867D69AFE84028FC02AAC07,
				08FB77AEFE84172EC02AAC07,
				089C1665FE841158C02AAC07,
			);
			isa = PBXGroup;
			name = Framework;
			refType = 4;
			sourceTree = "<group>";
		};
		75B5A5390471E53700F43DE7 = {
			fileEncoding = 4;
			isa = PBXFileReference;
			lastKnownFileType = sourcecode.c.h;
			path = KeychainUtils.h;
			refType = 4;
			sourceTree = "<group>";
		};
		75B5A53A0471E53700F43DE7 = {
			fileEncoding = 4;
			isa = PBXFileReference;
			lastKnownFileType = sourcecode.c.objc;
			path = KeychainUtils.m;
			refType = 4;
			sourceTree = "<group>";
		};
		75B5A53B0471E53700F43DE7 = {
			fileRef = 75B5A5390471E53700F43DE7;
			isa = PBXBuildFile;
			settings = {
				ATTRIBUTES = (
					Public,
				);
			};
		};
		75B5A53C0471E53700F43DE7 = {
			fileRef = 75B5A53A0471E53700F43DE7;
			isa = PBXBuildFile;
			settings = {
			};
		};
		75BAD75E0480E99400DA8EF2 = {
			isa = PBXFileReference;
			lastKnownFileType = wrapper.framework;
			name = AddressBook.framework;
			path = /System/Library/Frameworks/AddressBook.framework;
			refType = 0;
			sourceTree = "<absolute>";
		};
		75BAD75F0480E99400DA8EF2 = {
			fileRef = 75BAD75E0480E99400DA8EF2;
			isa = PBXBuildFile;
			settings = {
			};
		};
		75E38026082C6AAD00089FF8 = {
			children = (
				75E38027082C6AAD00089FF8,
			);
			isa = PBXVariantGroup;
			name = "Certificate Types.strings";
			path = "";
			refType = 4;
			sourceTree = "<group>";
		};
		75E38027082C6AAD00089FF8 = {
			fileEncoding = 4;
			isa = PBXFileReference;
			lastKnownFileType = text.plist.strings;
			name = English;
			path = "English.lproj/Certificate Types.strings";
			refType = 4;
			sourceTree = "<group>";
		};
		75E38028082C6AAD00089FF8 = {
			fileRef = 75E38026082C6AAD00089FF8;
			isa = PBXBuildFile;
			settings = {
			};
		};
		75E38054082C6C4000089FF8 = {
			children = (
				75E38055082C6C4000089FF8,
			);
			isa = PBXVariantGroup;
			name = "Certificate Encodings.strings";
			path = "";
			refType = 4;
			sourceTree = "<group>";
		};
		75E38055082C6C4000089FF8 = {
			fileEncoding = 4;
			isa = PBXFileReference;
			lastKnownFileType = text.plist.strings;
			name = English;
			path = "English.lproj/Certificate Encodings.strings";
			refType = 4;
			sourceTree = "<group>";
		};
		75E38056082C6C4000089FF8 = {
			fileRef = 75E38054082C6C4000089FF8;
			isa = PBXBuildFile;
			settings = {
			};
		};
		75E38090082C78C600089FF8 = {
			children = (
				75E38091082C78C600089FF8,
			);
			isa = PBXVariantGroup;
			name = "Keyblob Types.strings";
			path = "";
			refType = 4;
			sourceTree = "<group>";
		};
		75E38091082C78C600089FF8 = {
			fileEncoding = 4;
			isa = PBXFileReference;
			lastKnownFileType = text.plist.strings;
			name = English;
			path = "English.lproj/Keyblob Types.strings";
			refType = 4;
			sourceTree = "<group>";
		};
		75E38092082C78C600089FF8 = {
			fileRef = 75E38090082C78C600089FF8;
			isa = PBXBuildFile;
			settings = {
			};
		};
		75E380BB082C7BFC00089FF8 = {
			children = (
				75E380BC082C7BFC00089FF8,
			);
			isa = PBXVariantGroup;
			name = "Keyblob Formats.strings";
			path = "";
			refType = 4;
			sourceTree = "<group>";
		};
		75E380BC082C7BFC00089FF8 = {
			fileEncoding = 4;
			isa = PBXFileReference;
			lastKnownFileType = text.plist.strings;
			name = English;
			path = "English.lproj/Keyblob Formats.strings";
			refType = 4;
			sourceTree = "<group>";
		};
		75E380BD082C7BFC00089FF8 = {
			fileRef = 75E380BB082C7BFC00089FF8;
			isa = PBXBuildFile;
			settings = {
			};
		};
		75E380C4082C812200089FF8 = {
			children = (
				75E380C5082C812200089FF8,
			);
			isa = PBXVariantGroup;
			name = "Algorithm Modes.strings";
			path = "";
			refType = 4;
			sourceTree = "<group>";
		};
		75E380C5082C812200089FF8 = {
			fileEncoding = 4;
			isa = PBXFileReference;
			lastKnownFileType = text.plist.strings;
			name = English;
			path = "English.lproj/Algorithm Modes.strings";
			refType = 4;
			sourceTree = "<group>";
		};
		75E380C6082C812200089FF8 = {
			fileRef = 75E380C4082C812200089FF8;
			isa = PBXBuildFile;
			settings = {
			};
		};
		75E380C9082C839800089FF8 = {
			children = (
				75E380CA082C839800089FF8,
			);
			isa = PBXVariantGroup;
			name = "Key Classes.strings";
			path = "";
			refType = 4;
			sourceTree = "<group>";
		};
		75E380CA082C839800089FF8 = {
			fileEncoding = 4;
			isa = PBXFileReference;
			lastKnownFileType = text.plist.strings;
			name = English;
			path = "English.lproj/Key Classes.strings";
			refType = 4;
			sourceTree = "<group>";
		};
		75E380CB082C839800089FF8 = {
			fileRef = 75E380C9082C839800089FF8;
			isa = PBXBuildFile;
			settings = {
			};
		};
		75E380CE082C841300089FF8 = {
			children = (
				75E380CF082C841300089FF8,
			);
			isa = PBXVariantGroup;
			name = "Key Attributes.strings";
			path = "";
			refType = 4;
			sourceTree = "<group>";
		};
		75E380CF082C841300089FF8 = {
			fileEncoding = 4;
			isa = PBXFileReference;
			lastKnownFileType = text.plist.strings;
			name = English;
			path = "English.lproj/Key Attributes.strings";
			refType = 4;
			sourceTree = "<group>";
		};
		75E380D0082C841300089FF8 = {
			fileRef = 75E380CE082C841300089FF8;
			isa = PBXBuildFile;
			settings = {
			};
		};
		75E38110082C865800089FF8 = {
			children = (
				75E38111082C865800089FF8,
			);
			isa = PBXVariantGroup;
			name = "Key Usage.strings";
			path = "";
			refType = 4;
			sourceTree = "<group>";
		};
		75E38111082C865800089FF8 = {
			fileEncoding = 4;
			isa = PBXFileReference;
			lastKnownFileType = text.plist.strings;
			name = English;
			path = "English.lproj/Key Usage.strings";
			refType = 4;
			sourceTree = "<group>";
		};
		75E38112082C865800089FF8 = {
			fileRef = 75E38110082C865800089FF8;
			isa = PBXBuildFile;
			settings = {
			};
		};
		75E577E0043AE5C700A3C85B = {
			fileEncoding = 4;
			isa = PBXFileReference;
			lastKnownFileType = text.plist.strings;
			name = English;
			path = English.lproj/Algorithms.strings;
			refType = 4;
			sourceTree = "<group>";
		};
		75E577E3043AE5D500A3C85B = {
			children = (
				75E577E0043AE5C700A3C85B,
			);
			isa = PBXVariantGroup;
			name = Algorithms.strings;
			path = "";
			refType = 4;
			sourceTree = "<group>";
		};
		75E577E4043AE5D500A3C85B = {
			fileRef = 75E577E3043AE5D500A3C85B;
			isa = PBXBuildFile;
			settings = {
			};
		};
		75EF8F46047BB28700FED506 = {
			fileEncoding = 4;
			isa = PBXFileReference;
			lastKnownFileType = sourcecode.c.h;
			path = x509.h;
			refType = 4;
			sourceTree = "<group>";
		};
		75EF8F47047BB28700FED506 = {
			fileEncoding = 4;
			isa = PBXFileReference;
			lastKnownFileType = sourcecode.c.objc;
			path = x509.m;
			refType = 4;
			sourceTree = "<group>";
		};
		75EF8F48047BB28700FED506 = {
			fileRef = 75EF8F46047BB28700FED506;
			isa = PBXBuildFile;
			settings = {
				ATTRIBUTES = (
					Public,
				);
			};
		};
		75EF8F49047BB28700FED506 = {
			fileRef = 75EF8F47047BB28700FED506;
			isa = PBXBuildFile;
			settings = {
			};
		};
		75F33BA4042209D600AC536A = {
			fileEncoding = 4;
			isa = PBXFileReference;
			lastKnownFileType = sourcecode.c.h;
			path = MutableKey.h;
			refType = 4;
			sourceTree = "<group>";
		};
		75F33BA5042209D600AC536A = {
			fileEncoding = 4;
			isa = PBXFileReference;
			lastKnownFileType = sourcecode.c.objc;
			path = MutableKey.m;
			refType = 4;
			sourceTree = "<group>";
		};
		75F33BAB04220CC500AC536A = {
			fileEncoding = 4;
			isa = PBXFileReference;
			lastKnownFileType = sourcecode.c.h;
			path = CSSMControl.h;
			refType = 4;
			sourceTree = "<group>";
		};
		75F33BAC04220CC500AC536A = {
			fileEncoding = 4;
			isa = PBXFileReference;
			lastKnownFileType = sourcecode.c.objc;
			path = CSSMControl.m;
			refType = 4;
			sourceTree = "<group>";
		};
		75F33BAD04220CC500AC536A = {
			fileRef = 75F33BAB04220CC500AC536A;
			isa = PBXBuildFile;
			settings = {
				ATTRIBUTES = (
					Private,
				);
			};
		};
		75F33BAE04220CC500AC536A = {
			fileRef = 75F33BAC04220CC500AC536A;
			isa = PBXBuildFile;
			settings = {
			};
		};
		75F4890D043AF9E80043140F = {
			children = (
				75E38110082C865800089FF8,
				75E380CE082C841300089FF8,
				75E380C9082C839800089FF8,
				75E380C4082C812200089FF8,
				75E577E3043AE5D500A3C85B,
				752BB789043ADC4900EDE39C,
				75E38054082C6C4000089FF8,
				75E38026082C6AAD00089FF8,
				752BB77D043ACC3C00EDE39C,
				089C1666FE841158C02AAC07,
				75E380BB082C7BFC00089FF8,
				75E38090082C78C600089FF8,
				751AC3AE043AE4350081E49D,
				752BB783043ADB1000EDE39C,
			);
			isa = PBXGroup;
			name = English.lproj;
			refType = 4;
			sourceTree = "<group>";
		};
//750
//751
//752
//753
//754
//F50
//F51
//F52
//F53
//F54
		F524D43103E0ECFB0168D458 = {
			fileEncoding = 30;
			isa = PBXFileReference;
			lastKnownFileType = sourcecode.c.h;
			path = AccessControlList.h;
			refType = 4;
			sourceTree = "<group>";
		};
		F524D43203E0ECFB0168D458 = {
			fileEncoding = 30;
			isa = PBXFileReference;
			lastKnownFileType = sourcecode.c.objc;
			path = AccessControlList.m;
			refType = 4;
			sourceTree = "<group>";
		};
		F524D43303E0ECFB0168D458 = {
			fileRef = F524D43103E0ECFB0168D458;
			isa = PBXBuildFile;
			settings = {
				ATTRIBUTES = (
					Public,
				);
			};
		};
		F524D43403E0ECFB0168D458 = {
			fileRef = F524D43203E0ECFB0168D458;
			isa = PBXBuildFile;
			settings = {
			};
		};
		F524D43503E0ED0C0168D458 = {
			fileEncoding = 30;
			isa = PBXFileReference;
			lastKnownFileType = sourcecode.c.h;
			path = Access.h;
			refType = 4;
			sourceTree = "<group>";
		};
		F524D43603E0ED0C0168D458 = {
			fileEncoding = 30;
			isa = PBXFileReference;
			lastKnownFileType = sourcecode.c.objc;
			path = Access.m;
			refType = 4;
			sourceTree = "<group>";
		};
		F524D43703E0ED0C0168D458 = {
			fileRef = F524D43503E0ED0C0168D458;
			isa = PBXBuildFile;
			settings = {
				ATTRIBUTES = (
					Public,
				);
			};
		};
		F524D43803E0ED0C0168D458 = {
			fileRef = F524D43603E0ED0C0168D458;
			isa = PBXBuildFile;
			settings = {
			};
		};
		F524D43903E0ED1A0168D458 = {
			fileEncoding = 30;
			isa = PBXFileReference;
			lastKnownFileType = sourcecode.c.h;
			path = Certificate.h;
			refType = 4;
			sourceTree = "<group>";
		};
		F524D43A03E0ED1A0168D458 = {
			fileEncoding = 30;
			isa = PBXFileReference;
			lastKnownFileType = sourcecode.c.objc;
			path = Certificate.m;
			refType = 4;
			sourceTree = "<group>";
		};
		F524D43B03E0ED1A0168D458 = {
			fileRef = F524D43903E0ED1A0168D458;
			isa = PBXBuildFile;
			settings = {
				ATTRIBUTES = (
					Public,
				);
			};
		};
		F524D43C03E0ED1A0168D458 = {
			fileRef = F524D43A03E0ED1A0168D458;
			isa = PBXBuildFile;
			settings = {
			};
		};
		F524D43D03E0ED280168D458 = {
			fileEncoding = 30;
			isa = PBXFileReference;
			lastKnownFileType = sourcecode.c.h;
			path = Identity.h;
			refType = 4;
			sourceTree = "<group>";
		};
		F524D43E03E0ED280168D458 = {
			fileEncoding = 30;
			isa = PBXFileReference;
			lastKnownFileType = sourcecode.c.objc;
			path = Identity.m;
			refType = 4;
			sourceTree = "<group>";
		};
		F524D43F03E0ED280168D458 = {
			fileRef = F524D43D03E0ED280168D458;
			isa = PBXBuildFile;
			settings = {
				ATTRIBUTES = (
					Public,
				);
			};
		};
		F524D44003E0ED280168D458 = {
			fileRef = F524D43E03E0ED280168D458;
			isa = PBXBuildFile;
			settings = {
			};
		};
		F524D44103E0ED390168D458 = {
			fileEncoding = 30;
			isa = PBXFileReference;
			lastKnownFileType = sourcecode.c.h;
			path = Key.h;
			refType = 4;
			sourceTree = "<group>";
		};
		F524D44203E0ED390168D458 = {
			fileEncoding = 30;
			isa = PBXFileReference;
			lastKnownFileType = sourcecode.c.objc;
			path = Key.m;
			refType = 4;
			sourceTree = "<group>";
		};
		F524D44303E0ED390168D458 = {
			fileRef = F524D44103E0ED390168D458;
			isa = PBXBuildFile;
			settings = {
				ATTRIBUTES = (
					Public,
				);
			};
		};
		F524D44403E0ED390168D458 = {
			fileRef = F524D44203E0ED390168D458;
			isa = PBXBuildFile;
			settings = {
			};
		};
		F524D44503E0ED530168D458 = {
			fileEncoding = 30;
			isa = PBXFileReference;
			lastKnownFileType = sourcecode.c.h;
			path = KeychainItem.h;
			refType = 4;
			sourceTree = "<group>";
		};
		F524D44603E0ED530168D458 = {
			fileEncoding = 30;
			isa = PBXFileReference;
			lastKnownFileType = sourcecode.c.objc;
			path = KeychainItem.m;
			refType = 4;
			sourceTree = "<group>";
		};
		F524D44703E0ED530168D458 = {
			fileRef = F524D44503E0ED530168D458;
			isa = PBXBuildFile;
			settings = {
				ATTRIBUTES = (
					Public,
				);
			};
		};
		F524D44803E0ED530168D458 = {
			fileRef = F524D44603E0ED530168D458;
			isa = PBXBuildFile;
			settings = {
			};
		};
		F524D44903E0ED620168D458 = {
			fileEncoding = 30;
			isa = PBXFileReference;
			lastKnownFileType = sourcecode.c.h;
			path = KeychainSearch.h;
			refType = 4;
			sourceTree = "<group>";
		};
		F524D44A03E0ED620168D458 = {
			fileEncoding = 30;
			isa = PBXFileReference;
			lastKnownFileType = sourcecode.c.objc;
			path = KeychainSearch.m;
			refType = 4;
			sourceTree = "<group>";
		};
		F524D44D03E0ED7E0168D458 = {
			fileEncoding = 30;
			isa = PBXFileReference;
			lastKnownFileType = sourcecode.c.h;
			path = Policy.h;
			refType = 4;
			sourceTree = "<group>";
		};
		F524D44E03E0ED7E0168D458 = {
			fileEncoding = 30;
			isa = PBXFileReference;
			lastKnownFileType = sourcecode.c.objc;
			path = Policy.m;
			refType = 4;
			sourceTree = "<group>";
		};
		F524D44F03E0ED7E0168D458 = {
			fileRef = F524D44D03E0ED7E0168D458;
			isa = PBXBuildFile;
			settings = {
				ATTRIBUTES = (
					Public,
				);
			};
		};
		F524D45003E0ED7E0168D458 = {
			fileRef = F524D44E03E0ED7E0168D458;
			isa = PBXBuildFile;
			settings = {
			};
		};
		F524D45103E0ED8C0168D458 = {
			fileEncoding = 30;
			isa = PBXFileReference;
			lastKnownFileType = sourcecode.c.h;
			path = TrustedApplication.h;
			refType = 4;
			sourceTree = "<group>";
		};
		F524D45203E0ED8C0168D458 = {
			fileEncoding = 30;
			isa = PBXFileReference;
			lastKnownFileType = sourcecode.c.objc;
			path = TrustedApplication.m;
			refType = 4;
			sourceTree = "<group>";
		};
		F524D45303E0ED8C0168D458 = {
			fileRef = F524D45103E0ED8C0168D458;
			isa = PBXBuildFile;
			settings = {
				ATTRIBUTES = (
					Public,
				);
			};
		};
		F524D45403E0ED8C0168D458 = {
			fileRef = F524D45203E0ED8C0168D458;
			isa = PBXBuildFile;
			settings = {
			};
		};
		F524D48603E0F9040168D458 = {
			fileEncoding = 30;
			isa = PBXFileReference;
			lastKnownFileType = sourcecode.c.h;
			path = UtilitySupport.h;
			refType = 4;
			sourceTree = "<group>";
		};
		F524D48703E0F9040168D458 = {
			fileRef = F524D48603E0F9040168D458;
			isa = PBXBuildFile;
			settings = {
				ATTRIBUTES = (
					Public,
				);
			};
		};
		F566C80F03E0D91B015C51F3 = {
			fileRef = 0867D69BFE84028FC02AAC07;
			isa = PBXBuildFile;
			settings = {
			};
		};
		F566C81003E0D92B015C51F3 = {
			isa = PBXFileReference;
			lastKnownFileType = wrapper.framework;
			name = Security.framework;
			path = /System/Library/Frameworks/Security.framework;
			refType = 0;
			sourceTree = "<absolute>";
		};
		F566C84003E0D92B015C51F3 = {
			fileRef = F566C81003E0D92B015C51F3;
			isa = PBXBuildFile;
			settings = {
			};
		};
		F566C84903E0D9AA015C51F3 = {
			fileEncoding = 30;
			isa = PBXFileReference;
			lastKnownFileType = sourcecode.c.h;
			path = Keychain.h;
			refType = 4;
			sourceTree = "<group>";
		};
		F566C84A03E0D9AA015C51F3 = {
			fileEncoding = 30;
			isa = PBXFileReference;
			lastKnownFileType = sourcecode.c.objc;
			path = Keychain.m;
			refType = 4;
			sourceTree = "<group>";
		};
		F566C84B03E0D9AA015C51F3 = {
			fileRef = F566C84903E0D9AA015C51F3;
			isa = PBXBuildFile;
			settings = {
				ATTRIBUTES = (
					Public,
				);
			};
		};
		F566C84C03E0D9AA015C51F3 = {
			fileRef = F566C84A03E0D9AA015C51F3;
			isa = PBXBuildFile;
			settings = {
			};
		};
		F57CC07103FF7E7001A79F78 = {
			fileEncoding = 30;
			isa = PBXFileReference;
			lastKnownFileType = sourcecode.c.h;
			path = NSCachedObject.h;
			refType = 4;
			sourceTree = "<group>";
		};
		F57CC07203FF7E7001A79F78 = {
			fileEncoding = 30;
			isa = PBXFileReference;
			lastKnownFileType = sourcecode.c.objc;
			path = NSCachedObject.m;
			refType = 4;
			sourceTree = "<group>";
		};
		F57CC07303FF7E7001A79F78 = {
			fileRef = F57CC07103FF7E7001A79F78;
			isa = PBXBuildFile;
			settings = {
				ATTRIBUTES = (
					Public,
				);
			};
		};
		F57CC07403FF7E7001A79F78 = {
			fileRef = F57CC07203FF7E7001A79F78;
			isa = PBXBuildFile;
			settings = {
			};
		};
		F580806A03EB4E8801B6B625 = {
			fileEncoding = 30;
			isa = PBXFileReference;
			lastKnownFileType = sourcecode.c.h;
			path = CertificateBundle.h;
			refType = 4;
			sourceTree = "<group>";
		};
		F580806B03EB4E8801B6B625 = {
			fileEncoding = 30;
			isa = PBXFileReference;
			lastKnownFileType = sourcecode.c.objc;
			path = CertificateBundle.m;
			refType = 4;
			sourceTree = "<group>";
		};
		F58080CA03EB75D701B6B625 = {
			isa = PBXFileReference;
			lastKnownFileType = wrapper.framework;
			name = CoreFoundation.framework;
			path = /System/Library/Frameworks/CoreFoundation.framework;
			refType = 0;
			sourceTree = "<absolute>";
		};
		F58083B403EB75D801B6B625 = {
			fileRef = F58080CA03EB75D701B6B625;
			isa = PBXBuildFile;
			settings = {
			};
		};
		F58AA08E03F0808801A8007C = {
			fileEncoding = 30;
			isa = PBXFileReference;
			lastKnownFileType = sourcecode.c.h;
			path = Trust.h;
			refType = 4;
			sourceTree = "<group>";
		};
		F58AA08F03F0808801A8007C = {
			fileEncoding = 30;
			isa = PBXFileReference;
			lastKnownFileType = sourcecode.c.objc;
			path = Trust.m;
			refType = 4;
			sourceTree = "<group>";
		};
		F58AA09003F0808801A8007C = {
			fileRef = F58AA08E03F0808801A8007C;
			isa = PBXBuildFile;
			settings = {
				ATTRIBUTES = (
					Public,
				);
			};
		};
		F58AA09103F0808801A8007C = {
			fileRef = F58AA08F03F0808801A8007C;
			isa = PBXBuildFile;
			settings = {
			};
		};
		F5C8FC3603EFF86F01A8007C = {
			fileRef = F524D44903E0ED620168D458;
			isa = PBXBuildFile;
			settings = {
				ATTRIBUTES = (
					Public,
				);
			};
		};
		F5C8FC3703EFF86F01A8007C = {
			fileRef = F524D44A03E0ED620168D458;
			isa = PBXBuildFile;
			settings = {
			};
		};
	};
	rootObject = 0867D690FE84028FC02AAC07;
}
