// !$*UTF8*$!
{
	archiveVersion = 1;
	classes = {
	};
	objectVersion = 42;
	objects = {

/* Begin PBXBuildFile section */
		87328D580C65F45B00292593 /* Foundation.framework in Frameworks */ = {isa = PBXBuildFile; fileRef = F516C8F202321F0D01DCB281 /* Foundation.framework */; };
		87328D5A0C65F50A00292593 /* UTILAssertion.h in Headers */ = {isa = PBXBuildFile; fileRef = F36940E105E7815900A31B61 /* UTILAssertion.h */; };
		87328D5B0C65F50B00292593 /* UTILDebugging.h in Headers */ = {isa = PBXBuildFile; fileRef = F36940E205E7815900A31B61 /* UTILDebugging.h */; };
		87328D5C0C65F50C00292593 /* UTILDescription.h in Headers */ = {isa = PBXBuildFile; fileRef = F36940E305E7815900A31B61 /* UTILDescription.h */; };
		87328D5D0C65F50D00292593 /* UTILError.h in Headers */ = {isa = PBXBuildFile; fileRef = F36940E405E7815900A31B61 /* UTILError.h */; };
		87328D5E0C65F50E00292593 /* UTILKit.h in Headers */ = {isa = PBXBuildFile; fileRef = F36940E505E7815900A31B61 /* UTILKit.h */; };
		875D977C0A89FFC40061C86D /* BSIPIDownload.h in Headers */ = {isa = PBXBuildFile; fileRef = 875D977A0A89FFC40061C86D /* BSIPIDownload.h */; settings = {ATTRIBUTES = (Public, ); }; };
		875D977D0A89FFC40061C86D /* BSIPIDownload.m in Sources */ = {isa = PBXBuildFile; fileRef = 875D977B0A89FFC40061C86D /* BSIPIDownload.m */; };
		87F56FF0086E4C09002A18AD /* SGNetwork.h in Headers */ = {isa = PBXBuildFile; fileRef = F392430E0435FC1B00A80005 /* SGNetwork.h */; settings = {ATTRIBUTES = (Public, ); }; };
		87F56FF1086E4C09002A18AD /* SGHTTPDefines.h in Headers */ = {isa = PBXBuildFile; fileRef = F39243100435FC1B00A80005 /* SGHTTPDefines.h */; settings = {ATTRIBUTES = (Public, ); }; };
		87F56FFE086E4C09002A18AD /* InfoPlist.strings in Resources */ = {isa = PBXBuildFile; fileRef = 089C1666FE841158C02AAC07 /* InfoPlist.strings */; };
		87F57004086E4C09002A18AD /* main.c in Sources */ = {isa = PBXBuildFile; fileRef = F39243060435FC1B00A80005 /* main.c */; };
		87F5700D086E4C09002A18AD /* SGFoundation.framework in Frameworks */ = {isa = PBXBuildFile; fileRef = F3DB3AAA043776DD00A80005 /* SGFoundation.framework */; };
/* End PBXBuildFile section */

/* Begin PBXFileReference section */
		089C1667FE841158C02AAC07 /* English */ = {isa = PBXFileReference; fileEncoding = 10; lastKnownFileType = text.plist.strings; name = English; path = English.lproj/InfoPlist.strings; sourceTree = "<group>"; };
		875D977A0A89FFC40061C86D /* BSIPIDownload.h */ = {isa = PBXFileReference; fileEncoding = 4; lastKnownFileType = sourcecode.c.h; name = BSIPIDownload.h; path = ../../application/subproj/previewer/BSIPIDownload.h; sourceTree = SOURCE_ROOT; };
		875D977B0A89FFC40061C86D /* BSIPIDownload.m */ = {isa = PBXFileReference; fileEncoding = 4; lastKnownFileType = sourcecode.c.objc; name = BSIPIDownload.m; path = ../../application/subproj/previewer/BSIPIDownload.m; sourceTree = SOURCE_ROOT; };
		87F57013086E4C09002A18AD /* Info-SGNetwork.plist */ = {isa = PBXFileReference; lastKnownFileType = text.xml; path = "Info-SGNetwork.plist"; sourceTree = "<group>"; };
		87F57014086E4C0A002A18AD /* SGNetwork.framework */ = {isa = PBXFileReference; explicitFileType = wrapper.framework; includeInIndex = 0; path = SGNetwork.framework; sourceTree = BUILT_PRODUCTS_DIR; };
		87F7D7150AA024CA007E5B86 /* SystemConfiguration.framework */ = {isa = PBXFileReference; lastKnownFileType = wrapper.framework; name = SystemConfiguration.framework; path = /System/Library/Frameworks/SystemConfiguration.framework; sourceTree = "<absolute>"; };
		F36940E105E7815900A31B61 /* UTILAssertion.h */ = {isa = PBXFileReference; fileEncoding = 0; lastKnownFileType = sourcecode.c.h; path = UTILAssertion.h; sourceTree = "<group>"; };
		F36940E205E7815900A31B61 /* UTILDebugging.h */ = {isa = PBXFileReference; fileEncoding = 0; lastKnownFileType = sourcecode.c.h; path = UTILDebugging.h; sourceTree = "<group>"; };
		F36940E305E7815900A31B61 /* UTILDescription.h */ = {isa = PBXFileReference; fileEncoding = 0; lastKnownFileType = sourcecode.c.h; path = UTILDescription.h; sourceTree = "<group>"; };
		F36940E405E7815900A31B61 /* UTILError.h */ = {isa = PBXFileReference; fileEncoding = 0; lastKnownFileType = sourcecode.c.h; path = UTILError.h; sourceTree = "<group>"; };
		F36940E505E7815900A31B61 /* UTILKit.h */ = {isa = PBXFileReference; fileEncoding = 0; lastKnownFileType = sourcecode.c.h; path = UTILKit.h; sourceTree = "<group>"; };
		F39243050435FC1B00A80005 /* FrameworkDefines.h */ = {isa = PBXFileReference; fileEncoding = 4; lastKnownFileType = sourcecode.c.h; lineEnding = 0; path = FrameworkDefines.h; sourceTree = "<group>"; };
		F39243060435FC1B00A80005 /* main.c */ = {isa = PBXFileReference; fileEncoding = 4; lastKnownFileType = sourcecode.c.c; lineEnding = 0; path = main.c; sourceTree = "<group>"; };
		F392430E0435FC1B00A80005 /* SGNetwork.h */ = {isa = PBXFileReference; fileEncoding = 4; lastKnownFileType = sourcecode.c.h; lineEnding = 0; path = SGNetwork.h; sourceTree = "<group>"; };
		F39243100435FC1B00A80005 /* SGHTTPDefines.h */ = {isa = PBXFileReference; fileEncoding = 4; lastKnownFileType = sourcecode.c.h; lineEnding = 0; path = SGHTTPDefines.h; sourceTree = "<group>"; };
		F3DB3AAA043776DD00A80005 /* SGFoundation.framework */ = {isa = PBXFileReference; lastKnownFileType = wrapper.framework; name = SGFoundation.framework; path = ../SGFoundation/build/Deployment/SGFoundation.framework; sourceTree = "<group>"; };
		F516C8F202321F0D01DCB281 /* Foundation.framework */ = {isa = PBXFileReference; lastKnownFileType = wrapper.framework; name = Foundation.framework; path = /System/Library/Frameworks/Foundation.framework; sourceTree = "<absolute>"; };
		F516C8F70232206E01DCB281 /* Cocoa.framework */ = {isa = PBXFileReference; lastKnownFileType = wrapper.framework; name = Cocoa.framework; path = /System/Library/Frameworks/Cocoa.framework; sourceTree = "<absolute>"; };
		F516C8F80232206E01DCB281 /* AppKit.framework */ = {isa = PBXFileReference; lastKnownFileType = wrapper.framework; name = AppKit.framework; path = /System/Library/Frameworks/AppKit.framework; sourceTree = "<absolute>"; };
		F572453D0358389001A80002 /* CFHTTPMessage.h */ = {isa = PBXFileReference; fileEncoding = 0; lastKnownFileType = sourcecode.c.h; path = CFHTTPMessage.h; sourceTree = "<group>"; };
		F572453E0358389001A80002 /* CFHTTPStream.h */ = {isa = PBXFileReference; fileEncoding = 0; lastKnownFileType = sourcecode.c.h; path = CFHTTPStream.h; sourceTree = "<group>"; };
		F572453F0358389001A80002 /* CFNetServices.h */ = {isa = PBXFileReference; fileEncoding = 0; lastKnownFileType = sourcecode.c.h; path = CFNetServices.h; sourceTree = "<group>"; };
		F57245400358389001A80002 /* CFNetwork.h */ = {isa = PBXFileReference; fileEncoding = 0; lastKnownFileType = sourcecode.c.h; path = CFNetwork.h; sourceTree = "<group>"; };
		F57245410358389001A80002 /* CFSocketStream.h */ = {isa = PBXFileReference; fileEncoding = 0; lastKnownFileType = sourcecode.c.h; path = CFSocketStream.h; sourceTree = "<group>"; };
		F582B8290338B13301A80002 /* CoreServices.framework */ = {isa = PBXFileReference; lastKnownFileType = wrapper.framework; name = CoreServices.framework; path = /System/Library/Frameworks/CoreServices.framework; sourceTree = "<absolute>"; };
		F590B4390296BF8001A80002 /* libcrypto.0.9.dylib */ = {isa = PBXFileReference; lastKnownFileType = "compiled.mach-o.dylib"; name = libcrypto.0.9.dylib; path = /usr/lib/libcrypto.0.9.dylib; sourceTree = "<absolute>"; };
		F590B43B0296C03E01A80002 /* libssl.0.9.dylib */ = {isa = PBXFileReference; lastKnownFileType = "compiled.mach-o.dylib"; name = libssl.0.9.dylib; path = /usr/lib/libssl.0.9.dylib; sourceTree = "<absolute>"; };
/* End PBXFileReference section */

/* Begin PBXFrameworksBuildPhase section */
		87F57009086E4C09002A18AD /* Frameworks */ = {
			isa = PBXFrameworksBuildPhase;
			buildActionMask = 2147483647;
			files = (
				87F5700D086E4C09002A18AD /* SGFoundation.framework in Frameworks */,
				87328D580C65F45B00292593 /* Foundation.framework in Frameworks */,
			);
			runOnlyForDeploymentPostprocessing = 0;
		};
/* End PBXFrameworksBuildPhase section */

/* Begin PBXGroup section */
		034768DFFF38A50411DB9C8B /* Products */ = {
			isa = PBXGroup;
			children = (
				87F57014086E4C0A002A18AD /* SGNetwork.framework */,
			);
			name = Products;
			sourceTree = "<group>";
		};
		0867D691FE84028FC02AAC07 /* SGNetwork */ = {
			isa = PBXGroup;
			children = (
				F36940DE05E7815900A31B61 /* misc */,
				F39242F80435FC1B00A80005 /* src */,
				089C1665FE841158C02AAC07 /* Resources */,
				0867D69AFE84028FC02AAC07 /* External Frameworks and Libraries */,
				034768DFFF38A50411DB9C8B /* Products */,
				F572453C0358389001A80002 /* Reference */,
				87F57013086E4C09002A18AD /* Info-SGNetwork.plist */,
			);
			name = SGNetwork;
			sourceTree = "<group>";
		};
		0867D69AFE84028FC02AAC07 /* External Frameworks and Libraries */ = {
			isa = PBXGroup;
			children = (
				87F7D7150AA024CA007E5B86 /* SystemConfiguration.framework */,
				1058C7B0FEA5585E11CA2CBB /* Linked Frameworks */,
				1058C7B2FEA5585E11CA2CBB /* Other Frameworks */,
			);
			name = "External Frameworks and Libraries";
			sourceTree = "<group>";
		};
		089C1665FE841158C02AAC07 /* Resources */ = {
			isa = PBXGroup;
			children = (
				089C1666FE841158C02AAC07 /* InfoPlist.strings */,
			);
			name = Resources;
			sourceTree = "<group>";
		};
		1058C7B0FEA5585E11CA2CBB /* Linked Frameworks */ = {
			isa = PBXGroup;
			children = (
				F516C8F70232206E01DCB281 /* Cocoa.framework */,
				F3DB3AAA043776DD00A80005 /* SGFoundation.framework */,
				F590B4390296BF8001A80002 /* libcrypto.0.9.dylib */,
				F590B43B0296C03E01A80002 /* libssl.0.9.dylib */,
			);
			name = "Linked Frameworks";
			sourceTree = "<group>";
		};
		1058C7B2FEA5585E11CA2CBB /* Other Frameworks */ = {
			isa = PBXGroup;
			children = (
				F582B8290338B13301A80002 /* CoreServices.framework */,
				F516C8F80232206E01DCB281 /* AppKit.framework */,
				F516C8F202321F0D01DCB281 /* Foundation.framework */,
			);
			name = "Other Frameworks";
			sourceTree = "<group>";
		};
		87299B860832641600CBD740 /* utk */ = {
			isa = PBXGroup;
			children = (
			);
			path = utk;
			sourceTree = "<group>";
		};
		F36940DE05E7815900A31B61 /* misc */ = {
			isa = PBXGroup;
			children = (
				87299B860832641600CBD740 /* utk */,
				F36940E005E7815900A31B61 /* utilkit */,
			);
			name = misc;
			path = ../../misc;
			sourceTree = SOURCE_ROOT;
		};
		F36940E005E7815900A31B61 /* utilkit */ = {
			isa = PBXGroup;
			children = (
				F36940E105E7815900A31B61 /* UTILAssertion.h */,
				F36940E205E7815900A31B61 /* UTILDebugging.h */,
				F36940E305E7815900A31B61 /* UTILDescription.h */,
				F36940E405E7815900A31B61 /* UTILError.h */,
				F36940E505E7815900A31B61 /* UTILKit.h */,
			);
			path = utilkit;
			sourceTree = "<group>";
		};
		F39242F80435FC1B00A80005 /* src */ = {
			isa = PBXGroup;
			children = (
				875D977A0A89FFC40061C86D /* BSIPIDownload.h */,
				875D977B0A89FFC40061C86D /* BSIPIDownload.m */,
				F392430E0435FC1B00A80005 /* SGNetwork.h */,
				F39243060435FC1B00A80005 /* main.c */,
				F39243050435FC1B00A80005 /* FrameworkDefines.h */,
				F39242FA0435FC1B00A80005 /* connector */,
				F39243070435FC1B00A80005 /* message */,
				F392430F0435FC1B00A80005 /* util */,
			);
			path = src;
			sourceTree = "<group>";
		};
		F39242FA0435FC1B00A80005 /* connector */ = {
			isa = PBXGroup;
			children = (
			);
			path = connector;
			sourceTree = "<group>";
		};
		F39243070435FC1B00A80005 /* message */ = {
			isa = PBXGroup;
			children = (
			);
			path = message;
			sourceTree = "<group>";
		};
		F392430F0435FC1B00A80005 /* util */ = {
			isa = PBXGroup;
			children = (
				F39243100435FC1B00A80005 /* SGHTTPDefines.h */,
			);
			path = util;
			sourceTree = "<group>";
		};
		F572453C0358389001A80002 /* Reference */ = {
			isa = PBXGroup;
			children = (
				F572453D0358389001A80002 /* CFHTTPMessage.h */,
				F572453E0358389001A80002 /* CFHTTPStream.h */,
				F572453F0358389001A80002 /* CFNetServices.h */,
				F57245400358389001A80002 /* CFNetwork.h */,
				F57245410358389001A80002 /* CFSocketStream.h */,
			);
			path = Reference;
			sourceTree = "<group>";
		};
/* End PBXGroup section */

/* Begin PBXHeadersBuildPhase section */
		87F56FE7086E4C09002A18AD /* Headers */ = {
			isa = PBXHeadersBuildPhase;
			buildActionMask = 2147483647;
			files = (
				87F56FF0086E4C09002A18AD /* SGNetwork.h in Headers */,
				87F56FF1086E4C09002A18AD /* SGHTTPDefines.h in Headers */,
				875D977C0A89FFC40061C86D /* BSIPIDownload.h in Headers */,
				87328D5A0C65F50A00292593 /* UTILAssertion.h in Headers */,
				87328D5B0C65F50B00292593 /* UTILDebugging.h in Headers */,
				87328D5C0C65F50C00292593 /* UTILDescription.h in Headers */,
				87328D5D0C65F50D00292593 /* UTILError.h in Headers */,
				87328D5E0C65F50E00292593 /* UTILKit.h in Headers */,
			);
			runOnlyForDeploymentPostprocessing = 0;
		};
/* End PBXHeadersBuildPhase section */

/* Begin PBXNativeTarget section */
		87F56FE6086E4C09002A18AD /* SGNetwork */ = {
			isa = PBXNativeTarget;
			buildConfigurationList = 87F5700F086E4C09002A18AD /* Build configuration list for PBXNativeTarget "SGNetwork" */;
			buildPhases = (
				87F56FE7086E4C09002A18AD /* Headers */,
				87F56FFD086E4C09002A18AD /* Resources */,
				87F56FFF086E4C09002A18AD /* Sources */,
				87F57009086E4C09002A18AD /* Frameworks */,
				87F5700E086E4C09002A18AD /* Rez */,
			);
			buildRules = (
			);
			dependencies = (
			);
			name = SGNetwork;
			productInstallPath = "@executable_path/../Frameworks";
			productName = SGNetwork;
			productReference = 87F57014086E4C0A002A18AD /* SGNetwork.framework */;
			productType = "com.apple.product-type.framework";
		};
/* End PBXNativeTarget section */

/* Begin PBXProject section */
		0867D690FE84028FC02AAC07 /* Project object */ = {
			isa = PBXProject;
			buildConfigurationList = 87F57015086E4C0B002A18AD /* Build configuration list for PBXProject "SGNetwork" */;
			compatibilityVersion = "Xcode 2.4";
			hasScannedForEncodings = 1;
			mainGroup = 0867D691FE84028FC02AAC07 /* SGNetwork */;
			productRefGroup = 034768DFFF38A50411DB9C8B /* Products */;
			projectDirPath = "";
			projectRoot = "";
			targets = (
				87F56FE6086E4C09002A18AD /* SGNetwork */,
			);
		};
/* End PBXProject section */

/* Begin PBXResourcesBuildPhase section */
		87F56FFD086E4C09002A18AD /* Resources */ = {
			isa = PBXResourcesBuildPhase;
			buildActionMask = 2147483647;
			files = (
				87F56FFE086E4C09002A18AD /* InfoPlist.strings in Resources */,
			);
			runOnlyForDeploymentPostprocessing = 0;
		};
/* End PBXResourcesBuildPhase section */

/* Begin PBXRezBuildPhase section */
		87F5700E086E4C09002A18AD /* Rez */ = {
			isa = PBXRezBuildPhase;
			buildActionMask = 2147483647;
			files = (
			);
			runOnlyForDeploymentPostprocessing = 0;
		};
/* End PBXRezBuildPhase section */

/* Begin PBXSourcesBuildPhase section */
		87F56FFF086E4C09002A18AD /* Sources */ = {
			isa = PBXSourcesBuildPhase;
			buildActionMask = 2147483647;
			files = (
				87F57004086E4C09002A18AD /* main.c in Sources */,
				875D977D0A89FFC40061C86D /* BSIPIDownload.m in Sources */,
			);
			runOnlyForDeploymentPostprocessing = 0;
		};
/* End PBXSourcesBuildPhase section */

/* Begin PBXVariantGroup section */
		089C1666FE841158C02AAC07 /* InfoPlist.strings */ = {
			isa = PBXVariantGroup;
			children = (
				089C1667FE841158C02AAC07 /* English */,
			);
			name = InfoPlist.strings;
			sourceTree = "<group>";
		};
/* End PBXVariantGroup section */

/* Begin XCBuildConfiguration section */
		87F57010086E4C09002A18AD /* Development */ = {
			isa = XCBuildConfiguration;
			buildSettings = {
				COPY_PHASE_STRIP = NO;
				DYLIB_COMPATIBILITY_VERSION = 1;
				DYLIB_CURRENT_VERSION = 1;
				FRAMEWORK_SEARCH_PATHS = ../SGFoundation/build/Deployment;
				FRAMEWORK_VERSION = A;
				GCC_DYNAMIC_NO_PIC = NO;
				GCC_ENABLE_FIX_AND_CONTINUE = YES;
				GCC_GENERATE_DEBUGGING_SYMBOLS = YES;
				GCC_OPTIMIZATION_LEVEL = 0;
				GCC_PREPROCESSOR_DEFINITIONS = DEBUG;
				GCC_USE_GCC3_PFE_SUPPORT = NO;
				HEADER_SEARCH_PATHS = "";
				INFOPLIST_FILE = "Info-SGNetwork.plist";
				INSTALL_PATH = "@executable_path/../Frameworks";
				LIBRARY_SEARCH_PATHS = "";
				OTHER_CFLAGS = "";
				PRODUCT_NAME = SGNetwork;
				SECTORDER_FLAGS = "";
				WARNING_CFLAGS = (
					"-Wmost",
					"-Wno-four-char-constants",
					"-Wno-unknown-pragmas",
				);
				WRAPPER_EXTENSION = framework;
				ZERO_LINK = YES;
			};
			name = Development;
		};
		87F57011086E4C09002A18AD /* Deployment */ = {
			isa = XCBuildConfiguration;
			buildSettings = {
				DYLIB_COMPATIBILITY_VERSION = 1;
				DYLIB_CURRENT_VERSION = 1;
				FRAMEWORK_SEARCH_PATHS = ../SGFoundation/build/Deployment;
				FRAMEWORK_VERSION = A;
				GCC_ENABLE_FIX_AND_CONTINUE = NO;
				GCC_GENERATE_DEBUGGING_SYMBOLS = NO;
				GCC_OPTIMIZATION_LEVEL = s;
				GCC_PREPROCESSOR_DEFINITIONS = UTIL_BLOCK_DEBUG_WRITE;
				GCC_USE_GCC3_PFE_SUPPORT = NO;
				HEADER_SEARCH_PATHS = "";
				INFOPLIST_FILE = "Info-SGNetwork.plist";
				INSTALL_PATH = "@executable_path/../Frameworks";
				LIBRARY_SEARCH_PATHS = "";
				OTHER_CFLAGS = "";
				PRODUCT_NAME = SGNetwork;
				SECTORDER_FLAGS = "";
				WARNING_CFLAGS = (
					"-Wmost",
					"-Wno-four-char-constants",
					"-Wno-unknown-pragmas",
				);
				WRAPPER_EXTENSION = framework;
				ZERO_LINK = NO;
			};
			name = Deployment;
		};
		87F57012086E4C09002A18AD /* Default */ = {
			isa = XCBuildConfiguration;
			buildSettings = {
				DYLIB_COMPATIBILITY_VERSION = 1;
				DYLIB_CURRENT_VERSION = 1;
				FRAMEWORK_SEARCH_PATHS = ../SGFoundation/build/Deployment;
				FRAMEWORK_VERSION = A;
				GCC_USE_GCC3_PFE_SUPPORT = NO;
				HEADER_SEARCH_PATHS = "";
				INFOPLIST_FILE = "Info-SGNetwork.plist";
				INSTALL_PATH = "@executable_path/../Frameworks";
				LIBRARY_SEARCH_PATHS = "";
				OTHER_CFLAGS = "";
				PRODUCT_NAME = SGNetwork;
				SECTORDER_FLAGS = "";
				WARNING_CFLAGS = (
					"-Wmost",
					"-Wno-four-char-constants",
					"-Wno-unknown-pragmas",
				);
				WRAPPER_EXTENSION = framework;
			};
			name = Default;
		};
		87F57016086E4C0B002A18AD /* Development */ = {
			isa = XCBuildConfiguration;
			buildSettings = {
				MACOSX_DEPLOYMENT_TARGET = 10.4;
				SDKROOT = /Developer/SDKs/MacOSX10.4u.sdk;
			};
			name = Development;
		};
		87F57017086E4C0B002A18AD /* Deployment */ = {
			isa = XCBuildConfiguration;
			buildSettings = {
				ARCHS = (
					ppc,
					i386,
				);
				GCC_GENERATE_DEBUGGING_SYMBOLS = NO;
				GCC_MODEL_TUNING = "";
				MACOSX_DEPLOYMENT_TARGET = 10.3;
				SDKROOT = /Developer/SDKs/MacOSX10.4u.sdk;
			};
			name = Deployment;
		};
		87F57018086E4C0B002A18AD /* Default */ = {
			isa = XCBuildConfiguration;
			buildSettings = {
				MACOSX_DEPLOYMENT_TARGET = 10.4;
				SDKROOT = /Developer/SDKs/MacOSX10.4u.sdk;
			};
			name = Default;
		};
/* End XCBuildConfiguration section */

/* Begin XCConfigurationList section */
		87F5700F086E4C09002A18AD /* Build configuration list for PBXNativeTarget "SGNetwork" */ = {
			isa = XCConfigurationList;
			buildConfigurations = (
				87F57010086E4C09002A18AD /* Development */,
				87F57011086E4C09002A18AD /* Deployment */,
				87F57012086E4C09002A18AD /* Default */,
			);
			defaultConfigurationIsVisible = 0;
			defaultConfigurationName = Default;
		};
		87F57015086E4C0B002A18AD /* Build configuration list for PBXProject "SGNetwork" */ = {
			isa = XCConfigurationList;
			buildConfigurations = (
				87F57016086E4C0B002A18AD /* Development */,
				87F57017086E4C0B002A18AD /* Deployment */,
				87F57018086E4C0B002A18AD /* Default */,
			);
			defaultConfigurationIsVisible = 0;
			defaultConfigurationName = Default;
		};
/* End XCConfigurationList section */
	};
	rootObject = 0867D690FE84028FC02AAC07 /* Project object */;
}
